
Microsoft Visual Studio Solution File, Format Version 12.00
# Visual Studio Version 17
VisualStudioVersion = 17.11.35219.272
MinimumVisualStudioVersion = 10.0.40219.1
Project("{FAE04EC0-301F-11D3-BF4B-00C04F79EFBC}") = "Programmierprojekt1", "Programmierprojekt1.csproj", "{C8196CF7-A8A4-49B7-9B51-C4D35EC10E33}"
EndProject
Global
	GlobalSection(SolutionConfigurationPlatforms) = preSolution
		Debug|Any CPU = Debug|Any CPU
		Release|Any CPU = Release|Any CPU
	EndGlobalSection
	GlobalSection(ProjectConfigurationPlatforms) = postSolution
		{C8196CF7-A8A4-49B7-9B51-C4D35EC10E33}.Debug|Any CPU.ActiveCfg = Debug|Any CPU
		{C8196CF7-A8A4-49B7-9B51-C4D35EC10E33}.Debug|Any CPU.Build.0 = Debug|Any CPU
		{C8196CF7-A8A4-49B7-9B51-C4D35EC10E33}.Release|Any CPU.ActiveCfg = Release|Any CPU
		{C8196CF7-A8A4-49B7-9B51-C4D35EC10E33}.Release|Any CPU.Build.0 = Release|Any CPU
	EndGlobalSection
	GlobalSection(SolutionProperties) = preSolution
		HideSolutionNode = FALSE
	EndGlobalSection
	GlobalSection(ExtensibilityGlobals) = postSolution
		SolutionGuid = {CC96F932-43D5-464C-82ED-BE7C442E0E2F}
	EndGlobalSection
EndGlobal
